
Microsoft Visual Studio Solution File, Format Version 12.00
# Visual Studio Version 16
VisualStudioVersion = 16.0.29306.81
MinimumVisualStudioVersion = 10.0.40219.1
Project("{FAE04EC0-301F-11D3-BF4B-00C04F79EFBC}") = "12_11", "12_11\12_11.csproj", "{57FCB702-DA91-4F7E-8A75-04B974AAE43E}"
EndProject
Global
	GlobalSection(SolutionConfigurationPlatforms) = preSolution
		Debug|Any CPU = Debug|Any CPU
		Release|Any CPU = Release|Any CPU
	EndGlobalSection
	GlobalSection(ProjectConfigurationPlatforms) = postSolution
		{57FCB702-DA91-4F7E-8A75-04B974AAE43E}.Debug|Any CPU.ActiveCfg = Debug|Any CPU
		{57FCB702-DA91-4F7E-8A75-04B974AAE43E}.Debug|Any CPU.Build.0 = Debug|Any CPU
		{57FCB702-DA91-4F7E-8A75-04B974AAE43E}.Release|Any CPU.ActiveCfg = Release|Any CPU
		{57FCB702-DA91-4F7E-8A75-04B974AAE43E}.Release|Any CPU.Build.0 = Release|Any CPU
	EndGlobalSection
	GlobalSection(SolutionProperties) = preSolution
		HideSolutionNode = FALSE
	EndGlobalSection
	GlobalSection(ExtensibilityGlobals) = postSolution
		SolutionGuid = {A76CA06D-81F4-4AFD-853B-6A26A0C05BFE}
	EndGlobalSection
EndGlobal
